{
  "name": "crypto-scripts",
  "version": "1.0.0",
  "lockfileVersion": 1,
  "requires": true,
  "dependencies": {
    "@types/node": {
      "version": "8.5.1",
      "resolved": "https://registry.npmjs.org/@types/node/-/node-8.5.1.tgz",
      "integrity": "sha512-SrmAO+NhnsuG/6TychSl2VdxBZiw/d6V+8j+DFo8O3PwFi+QeYXWHhAw+b170aSc6zYab6/PjEWRZHIDN9mNUw=="
    },
    "ansicolor": {
      "version": "1.1.71",
      "resolved": "https://registry.npmjs.org/ansicolor/-/ansicolor-1.1.71.tgz",
      "integrity": "sha1-OLv5fbKC7bFGLcsjQAESQHqUhuM="
    },
    "as-table": {
      "version": "1.0.31",
      "resolved": "https://registry.npmjs.org/as-table/-/as-table-1.0.31.tgz",
      "integrity": "sha1-0AGAAk7LttGnRxUN91HTcWrqgWY=",
      "requires": {
        "printable-characters": "1.0.38"
      }
    },
    "ccxt": {
      "version": "1.10.376",
      "resolved": "https://registry.npmjs.org/ccxt/-/ccxt-1.10.376.tgz",
      "integrity": "sha512-cQnzdNAP1QNjeRljImjnOKpuOZBAAC1uJ98VuYz8+yCkbFEjZzSw0jvU1vMr4Lsp1gLucLdD30VU/yzwm+DiCg==",
      "requires": {
        "crypto-js": "3.1.9-1",
        "fetch-ponyfill": "4.1.0",
        "qs": "6.5.1"
      }
    },
    "crypto-js": {
      "version": "3.1.9-1",
      "resolved": "https://registry.npmjs.org/crypto-js/-/crypto-js-3.1.9-1.tgz",
      "integrity": "sha1-/aGedh/Ad+Af+/3G6f38WeiAbNg="
    },
    "data-uri-to-buffer": {
      "version": "2.0.0",
      "resolved": "https://registry.npmjs.org/data-uri-to-buffer/-/data-uri-to-buffer-2.0.0.tgz",
      "integrity": "sha512-YbKCNLPPP4inc0E5If4OaalBc7gpaM2MRv77Pv2VThVComLKfbGYtJcdDCViDyp1Wd4SebhHLz94vp91zbK6bw==",
      "requires": {
        "@types/node": "8.5.1"
      }
    },
    "encoding": {
      "version": "0.1.12",
      "resolved": "https://registry.npmjs.org/encoding/-/encoding-0.1.12.tgz",
      "integrity": "sha1-U4tm8+5izRq1HsMjgp0flIDHS+s=",
      "requires": {
        "iconv-lite": "0.4.19"
      }
    },
    "fetch-ponyfill": {
      "version": "4.1.0",
      "resolved": "https://registry.npmjs.org/fetch-ponyfill/-/fetch-ponyfill-4.1.0.tgz",
      "integrity": "sha1-rjzl9zLGReq4fkroeTQUcJsjmJM=",
      "requires": {
        "node-fetch": "1.7.3"
      }
    },
    "get-source": {
      "version": "1.0.24",
      "resolved": "https://registry.npmjs.org/get-source/-/get-source-1.0.24.tgz",
      "integrity": "sha1-iY3Me1WSrboC6LuCuNLNpgza5cU=",
      "requires": {
        "data-uri-to-buffer": "2.0.0",
        "source-map": "0.6.1"
      }
    },
    "iconv-lite": {
      "version": "0.4.19",
      "resolved": "https://registry.npmjs.org/iconv-lite/-/iconv-lite-0.4.19.tgz",
      "integrity": "sha512-oTZqweIP51xaGPI4uPa56/Pri/480R+mo7SeU+YETByQNhDG55ycFyNLIgta9vXhILrxXDmF7ZGhqZIcuN0gJQ=="
    },
    "is-stream": {
      "version": "1.1.0",
      "resolved": "https://registry.npmjs.org/is-stream/-/is-stream-1.1.0.tgz",
      "integrity": "sha1-EtSj3U5o4Lec6428hBc66A2RykQ="
    },
    "node-fetch": {
      "version": "1.7.3",
      "resolved": "https://registry.npmjs.org/node-fetch/-/node-fetch-1.7.3.tgz",
      "integrity": "sha512-NhZ4CsKx7cYm2vSrBAr2PvFOe6sWDf0UYLRqA6svUYg7+/TSfVAu49jYC4BvQ4Sms9SZgdqGBgroqfDhJdTyKQ==",
      "requires": {
        "encoding": "0.1.12",
        "is-stream": "1.1.0"
      }
    },
    "ololog": {
      "version": "1.1.78",
      "resolved": "https://registry.npmjs.org/ololog/-/ololog-1.1.78.tgz",
      "integrity": "sha1-VuiqPvAkhbP2BxyvCdhAo5z/DsE=",
      "requires": {
        "ansicolor": "1.1.71",
        "pipez": "1.1.7",
        "printable-characters": "1.0.38",
        "stacktracey": "1.2.87",
        "string.bullet": "1.0.11",
        "string.ify": "1.0.43"
      }
    },
    "pipez": {
      "version": "1.1.7",
      "resolved": "https://registry.npmjs.org/pipez/-/pipez-1.1.7.tgz",
      "integrity": "sha1-axERaW9JDLEAR8xOCzMPHc6HQIQ="
    },
    "printable-characters": {
      "version": "1.0.38",
      "resolved": "https://registry.npmjs.org/printable-characters/-/printable-characters-1.0.38.tgz",
      "integrity": "sha1-du+ErM/X+DZvtxOPuSRmqRbVmbw="
    },
    "qs": {
      "version": "6.5.1",
      "resolved": "https://registry.npmjs.org/qs/-/qs-6.5.1.tgz",
      "integrity": "sha512-eRzhrN1WSINYCDCbrz796z37LOe3m5tmW7RQf6oBntukAG1nmovJvhnwHHRMAfeoItc1m2Hk02WER2aQ/iqs+A=="
    },
    "source-map": {
      "version": "0.6.1",
      "resolved": "https://registry.npmjs.org/source-map/-/source-map-0.6.1.tgz",
      "integrity": "sha512-UjgapumWlbMhkBgzT7Ykc5YXUT46F0iKu8SGXq0bcwP5dz/h0Plj6enJqjz1Zbq2l5WaqYnrVbwWOWMyF3F47g=="
    },
    "stacktracey": {
      "version": "1.2.87",
      "resolved": "https://registry.npmjs.org/stacktracey/-/stacktracey-1.2.87.tgz",
      "integrity": "sha1-5jFkdPtQPj88OCAw3YM8ey4JLe0=",
      "requires": {
        "as-table": "1.0.31",
        "get-source": "1.0.24"
      }
    },
    "string.bullet": {
      "version": "1.0.11",
      "resolved": "https://registry.npmjs.org/string.bullet/-/string.bullet-1.0.11.tgz",
      "integrity": "sha1-g9ANwBIf3MVYz2jXf7kUaJI6gq4=",
      "requires": {
        "printable-characters": "1.0.38"
      }
    },
    "string.ify": {
      "version": "1.0.43",
      "resolved": "https://registry.npmjs.org/string.ify/-/string.ify-1.0.43.tgz",
      "integrity": "sha1-37Do/nPCHCOt99Z1xXS6dGTwzIA=",
      "requires": {
        "printable-characters": "1.0.38",
        "string.bullet": "1.0.11"
      }
    }
  }
}
